<?xml version="1.0" encoding="utf-8"?>
<Project ToolsVersion="4.0" xmlns="http://schemas.microsoft.com/developer/msbuild/2003">
  <ItemGroup>
    <ClInclude Include="inc\GraphicsPch.h" />
    <ClInclude Include="inc\Utils\d3d11Utils.h" />
    <ClInclude Include="inc\GraphicsCore\DX11GraphicsCore.h" />
    <ClInclude Include="inc\GraphicsCore\RasterizerState.h" />
    <ClInclude Include="inc\GraphicsCore\MainRenderTarget.h" />
    <ClInclude Include="inc\Helper\LightHelper.h" />
    <ClInclude Include="inc\Helper\MathHelper.h" />
    <ClInclude Include="inc\Helper\VertexStruct.h" />
    <ClInclude Include="inc\Object\IDXObject.h" />
    <ClInclude Include="inc\Resources\ObjectResources.h" />
    <ClInclude Include="inc\Object\LegacyObj.h" />
    <ClInclude Include="inc\Resources\InputLayout.h" />
    <ClInclude Include="inc\Factory\Factory.h" />
    <ClInclude Include="inc\Builder\IBuilder.h" />
    <ClInclude Include="inc\Object\PosColorObj.h" />
    <ClInclude Include="inc\Builder\BuilderManager.h" />
    <ClInclude Include="inc\Builder\Basic32Builder.h" />
    <ClInclude Include="inc\ASEParser\Lexer\ASEFile.h" />
    <ClInclude Include="inc\ASEParser\Lexer\Lexer.h" />
    <ClInclude Include="inc\ASEParser\Animation.h" />
    <ClInclude Include="inc\ASEParser\CASEParser.h" />
    <ClInclude Include="inc\ASEParser\CParsingDataClass.h" />
    <ClInclude Include="inc\Builder\PosColorBuilder.h" />
    <ClInclude Include="inc\DX11Renderer\IRenderer.h" />
    <ClInclude Include="inc\DX11Renderer\Renderer.h" />
    <ClInclude Include="GraphicsEngineFramework.h" />
    <ClInclude Include="inc\Manager\ShaderManager.h" />
    <ClInclude Include="inc\Object\Shader\ShaderBase.h" />
    <ClInclude Include="inc\Object\Shader\VertexShader.h" />
    <ClInclude Include="inc\Object\Shader\PixelShader.h" />
    <ClInclude Include="inc\Object\Buffer\BufferBase.h" />
    <ClInclude Include="inc\Object\Buffer\ConstantBuffer.h" />
    <ClInclude Include="inc\Manager\BufferManager.h" />
    <ClInclude Include="inc\Object\UI\UIBase.h" />
    <ClInclude Include="inc\Object\UI\TextUI.h" />
    <ClInclude Include="inc\Object\UI\Canvas.h" />
    <ClInclude Include="inc\Manager\SamplerManager.h" />
    <ClInclude Include="inc\GraphicsCore\RenderTargetTexture.h" />
    <ClInclude Include="inc\Object\RenderTargetObj.h" />
    <ClInclude Include="inc\Builder\TextureRectBuilder.h" />
    <ClInclude Include="inc\Manager\FontManager.h" />
  </ItemGroup>
  <ItemGroup>
    <ClCompile Include="src\GraphicsPch.cpp" />
    <ClCompile Include="src\DLL\dllmain.cpp" />
    <ClCompile Include="src\GraphicsCore\DX11GraphicsCore.cpp" />
    <ClCompile Include="src\GraphicsCore\RasterizerState.cpp" />
    <ClCompile Include="src\GraphicsCore\MainRenderTarget.cpp" />
    <ClCompile Include="src\Helper\MathHelper.cpp" />
    <ClCompile Include="src\Object\LegacyObj.cpp" />
    <ClCompile Include="src\Resources\InputLayout.cpp" />
    <ClCompile Include="src\Factory\Factory.cpp" />
    <ClCompile Include="src\Object\PosColorObj.cpp" />
    <ClCompile Include="src\Builder\BuilderManager.cpp" />
    <ClCompile Include="src\Builder\Basic32Builder.cpp" />
    <ClCompile Include="src\ASEParser\Lexer\ASEFile.cpp" />
    <ClCompile Include="src\ASEParser\Lexer\Lexer.cpp" />
    <ClCompile Include="src\ASEParser\CASEParser.cpp" />
    <ClCompile Include="src\ASEParser\CParsingDataClass.cpp" />
    <ClCompile Include="src\Builder\PosColorBuilder.cpp" />
    <ClCompile Include="src\DX11Renderer\Renderer.cpp" />
    <ClCompile Include="src\Manager\ShaderManager.cpp" />
    <ClCompile Include="src\Object\Shader\PixelShader.cpp" />
    <ClCompile Include="src\Object\Shader\VertexShader.cpp" />
    <ClCompile Include="src\Object\Buffer\ConstantBuffer.cpp" />
    <ClCompile Include="src\Manager\BufferManager.cpp" />
    <ClCompile Include="src\Manager\SamplerManager.cpp" />
    <ClCompile Include="src\GraphicsCore\RenderTargetTexture.cpp" />
    <ClCompile Include="src\Object\RenderTargetObj.cpp" />
    <ClCompile Include="src\Builder\TextureRectBuilder.cpp" />
    <ClCompile Include="src\Object\UI\Canvas.cpp" />
    <ClCompile Include="src\Object\UI\TextUI.cpp" />
    <ClCompile Include="src\Manager\FontManager.cpp" />
  </ItemGroup>
  <ItemGroup>
    <None Include="ClassDiagram.cd" />
  </ItemGroup>
</Project>